{
  "name": "pcall.js",
  "version": "0.0.2-16",
  "lockfileVersion": 3,
  "requires": true,
  "packages": {
    "": {
      "name": "pcall.js",
      "version": "0.0.2-16",
      "license": "MIT",
      "devDependencies": {
        "bundt": "^1.1.5"
      }
    },
    "node_modules/buffer-from": {
      "version": "1.1.2",
      "resolved": "https://registry.npmjs.org/buffer-from/-/buffer-from-1.1.2.tgz",
      "integrity": "sha512-E+XQCRwSbaaiChtv6k6Dwgc+bx+Bs6vuKJHHl5kox/BaKbhiXzqQOwK4cO22yElGp2OCmjwVhT3HmxgyPGnJfQ==",
      "dev": true
    },
    "node_modules/bundt": {
      "version": "1.1.5",
      "resolved": "https://registry.npmjs.org/bundt/-/bundt-1.1.5.tgz",
      "integrity": "sha512-ROl3LJ3giqU1n2rv4dRcyjUN6M3fA8vxPM7oU5+VFAAn38Z9nkbzhpLAykc4+qVz5GhaC8DgVnVy3Q8mjO1Gsg==",
      "dev": true,
      "dependencies": {
        "kleur": "^4.0.0",
        "mk-dirs": "^3.0.0",
        "rewrite-imports": "^3.0.0",
        "terser": "^4.8.0"
      },
      "bin": {
        "bundt": "index.js"
      },
      "engines": {
        "node": ">=6"
      }
    },
    "node_modules/commander": {
      "version": "2.20.3",
      "resolved": "https://registry.npmjs.org/commander/-/commander-2.20.3.tgz",
      "integrity": "sha512-GpVkmM8vF2vQUkj2LvZmD35JxeJOLCwJ9cUkugyk2nuhbv3+mJvpLYYt+0+USMxE+oj+ey/lJEnhZw75x/OMcQ==",
      "dev": true
    },
    "node_modules/kleur": {
      "version": "4.1.5",
      "resolved": "https://registry.npmjs.org/kleur/-/kleur-4.1.5.tgz",
      "integrity": "sha512-o+NO+8WrRiQEE4/7nwRJhN1HWpVmJm511pBHUxPLtp0BUISzlBplORYSmTclCnJvQq2tKu/sgl3xVpkc7ZWuQQ==",
      "dev": true,
      "engines": {
        "node": ">=6"
      }
    },
    "node_modules/mk-dirs": {
      "version": "3.0.0",
      "resolved": "https://registry.npmjs.org/mk-dirs/-/mk-dirs-3.0.0.tgz",
      "integrity": "sha512-FEZDdUFb88hgdnsfAPa4VxcPVOd+8GyZ2jsI965im5bjBlBYhrvXuTqLka/UHa6YdUNN/kZBsVgofhZ3322AJw==",
      "dev": true,
      "engines": {
        "node": ">=6"
      }
    },
    "node_modules/rewrite-imports": {
      "version": "3.0.0",
      "resolved": "https://registry.npmjs.org/rewrite-imports/-/rewrite-imports-3.0.0.tgz",
      "integrity": "sha512-RClzg1cUfYLYkQadcrjgih8+CqJDKOP3OIWGkFE+e5n71085QnOwghzLPonEe1gG6iblCVJ8lHGFtd+n8wj3Hg==",
      "dev": true,
      "engines": {
        "node": ">=6"
      }
    },
    "node_modules/source-map": {
      "version": "0.6.1",
      "resolved": "https://registry.npmjs.org/source-map/-/source-map-0.6.1.tgz",
      "integrity": "sha512-UjgapumWlbMhkBgzT7Ykc5YXUT46F0iKu8SGXq0bcwP5dz/h0Plj6enJqjz1Zbq2l5WaqYnrVbwWOWMyF3F47g==",
      "dev": true,
      "engines": {
        "node": ">=0.10.0"
      }
    },
    "node_modules/source-map-support": {
      "version": "0.5.21",
      "resolved": "https://registry.npmjs.org/source-map-support/-/source-map-support-0.5.21.tgz",
      "integrity": "sha512-uBHU3L3czsIyYXKX88fdrGovxdSCoTGDRZ6SYXtSRxLZUzHg5P/66Ht6uoUlHu9EZod+inXhKo3qQgwXUT/y1w==",
      "dev": true,
      "dependencies": {
        "buffer-from": "^1.0.0",
        "source-map": "^0.6.0"
      }
    },
    "node_modules/terser": {
      "version": "4.8.1",
      "resolved": "https://registry.npmjs.org/terser/-/terser-4.8.1.tgz",
      "integrity": "sha512-4GnLC0x667eJG0ewJTa6z/yXrbLGv80D9Ru6HIpCQmO+Q4PfEtBFi0ObSckqwL6VyQv/7ENJieXHo2ANmdQwgw==",
      "dev": true,
      "dependencies": {
        "commander": "^2.20.0",
        "source-map": "~0.6.1",
        "source-map-support": "~0.5.12"
      },
      "bin": {
        "terser": "bin/terser"
      },
      "engines": {
        "node": ">=6.0.0"
      }
    }
  }
}
